
Microsoft Visual Studio Solution File, Format Version 12.00
# Visual Studio Version 16
VisualStudioVersion = 16.0.31129.286
MinimumVisualStudioVersion = 10.0.40219.1
Project("{FAE04EC0-301F-11D3-BF4B-00C04F79EFBC}") = "ConditionallyCompiledSharedCode", "ConditionallyCompiledSharedCode\ConditionallyCompiledSharedCode.csproj", "{376EA2C7-AD56-4F06-BDD6-F2B95992C1CD}"
EndProject
Project("{FAE04EC0-301F-11D3-BF4B-00C04F79EFBC}") = "OtherProject", "OtherProject\OtherProject.csproj", "{9817F43A-F478-4E90-A388-135769A45168}"
EndProject
Project("{FAE04EC0-301F-11D3-BF4B-00C04F79EFBC}") = "MainApp", "MainApp\MainApp.csproj", "{09C07ECD-F1D9-4C40-888F-E4446D429141}"
EndProject
Global
	GlobalSection(SolutionConfigurationPlatforms) = preSolution
		Debug|Any CPU = Debug|Any CPU
		Release|Any CPU = Release|Any CPU
	EndGlobalSection
	GlobalSection(ProjectConfigurationPlatforms) = postSolution
		{376EA2C7-AD56-4F06-BDD6-F2B95992C1CD}.Debug|Any CPU.ActiveCfg = Debug|Any CPU
		{376EA2C7-AD56-4F06-BDD6-F2B95992C1CD}.Debug|Any CPU.Build.0 = Debug|Any CPU
		{376EA2C7-AD56-4F06-BDD6-F2B95992C1CD}.Release|Any CPU.ActiveCfg = Release|Any CPU
		{376EA2C7-AD56-4F06-BDD6-F2B95992C1CD}.Release|Any CPU.Build.0 = Release|Any CPU
		{9817F43A-F478-4E90-A388-135769A45168}.Debug|Any CPU.ActiveCfg = Debug|Any CPU
		{9817F43A-F478-4E90-A388-135769A45168}.Debug|Any CPU.Build.0 = Debug|Any CPU
		{9817F43A-F478-4E90-A388-135769A45168}.Release|Any CPU.ActiveCfg = Release|Any CPU
		{9817F43A-F478-4E90-A388-135769A45168}.Release|Any CPU.Build.0 = Release|Any CPU
		{09C07ECD-F1D9-4C40-888F-E4446D429141}.Debug|Any CPU.ActiveCfg = Debug|Any CPU
		{09C07ECD-F1D9-4C40-888F-E4446D429141}.Debug|Any CPU.Build.0 = Debug|Any CPU
		{09C07ECD-F1D9-4C40-888F-E4446D429141}.Release|Any CPU.ActiveCfg = Release|Any CPU
		{09C07ECD-F1D9-4C40-888F-E4446D429141}.Release|Any CPU.Build.0 = Release|Any CPU
	EndGlobalSection
	GlobalSection(SolutionProperties) = preSolution
		HideSolutionNode = FALSE
	EndGlobalSection
	GlobalSection(ExtensibilityGlobals) = postSolution
		SolutionGuid = {9768E566-D8EE-4D83-A6DD-27DAC00DF4FE}
	EndGlobalSection
EndGlobal
